
Microsoft Visual Studio Solution File, Format Version 12.00
# Visual Studio Version 17
VisualStudioVersion = 17.5.002.0
MinimumVisualStudioVersion = 10.0.40219.1
Project("{9A19103F-16F7-4668-BE54-9A1E7A4F7556}") = "aes", "aes.csproj", "{C635E8B8-E704-478F-A863-E27BC7524854}"
EndProject
Global
	GlobalSection(SolutionConfigurationPlatforms) = preSolution
		Debug|Any CPU = Debug|Any CPU
		Release|Any CPU = Release|Any CPU
	EndGlobalSection
	GlobalSection(ProjectConfigurationPlatforms) = postSolution
		{C635E8B8-E704-478F-A863-E27BC7524854}.Debug|Any CPU.ActiveCfg = Debug|Any CPU
		{C635E8B8-E704-478F-A863-E27BC7524854}.Debug|Any CPU.Build.0 = Debug|Any CPU
		{C635E8B8-E704-478F-A863-E27BC7524854}.Release|Any CPU.ActiveCfg = Release|Any CPU
		{C635E8B8-E704-478F-A863-E27BC7524854}.Release|Any CPU.Build.0 = Release|Any CPU
	EndGlobalSection
	GlobalSection(SolutionProperties) = preSolution
		HideSolutionNode = FALSE
	EndGlobalSection
	GlobalSection(ExtensibilityGlobals) = postSolution
		SolutionGuid = {A62F8F87-713A-46AC-A60B-6EF5C94A3786}
	EndGlobalSection
EndGlobal
